
Microsoft Visual Studio Solution File, Format Version 12.00
# Visual Studio Version 17
VisualStudioVersion = 17.7.34031.279
MinimumVisualStudioVersion = 10.0.40219.1
Project("{FAE04EC0-301F-11D3-BF4B-00C04F79EFBC}") = "Ejerc1", "Ejerc1.csproj", "{D2F35174-D790-48D7-8A0A-01F3814FDE72}"
EndProject
Global
	GlobalSection(SolutionConfigurationPlatforms) = preSolution
		Debug|Any CPU = Debug|Any CPU
		Release|Any CPU = Release|Any CPU
	EndGlobalSection
	GlobalSection(ProjectConfigurationPlatforms) = postSolution
		{D2F35174-D790-48D7-8A0A-01F3814FDE72}.Debug|Any CPU.ActiveCfg = Debug|Any CPU
		{D2F35174-D790-48D7-8A0A-01F3814FDE72}.Debug|Any CPU.Build.0 = Debug|Any CPU
		{D2F35174-D790-48D7-8A0A-01F3814FDE72}.Release|Any CPU.ActiveCfg = Release|Any CPU
		{D2F35174-D790-48D7-8A0A-01F3814FDE72}.Release|Any CPU.Build.0 = Release|Any CPU
	EndGlobalSection
	GlobalSection(SolutionProperties) = preSolution
		HideSolutionNode = FALSE
	EndGlobalSection
	GlobalSection(ExtensibilityGlobals) = postSolution
		SolutionGuid = {431ABF56-F233-43A7-B3D6-82C665314E7D}
	EndGlobalSection
EndGlobal
